
Microsoft Visual Studio Solution File, Format Version 12.00
# Visual Studio Version 17
VisualStudioVersion = 17.0.32014.148
MinimumVisualStudioVersion = 10.0.40219.1
Project("{FAE04EC0-301F-11D3-BF4B-00C04F79EFBC}") = "SISTEMA-DE-PEDIDOS.Android", "SISTEMA-DE-PEDIDOS\SISTEMA-DE-PEDIDOS.Android\SISTEMA-DE-PEDIDOS.Android.csproj", "{2877707C-3096-4EA3-BE02-92476FBA4279}"
EndProject
Project("{FAE04EC0-301F-11D3-BF4B-00C04F79EFBC}") = "SISTEMA-DE-PEDIDOS.iOS", "SISTEMA-DE-PEDIDOS\SISTEMA-DE-PEDIDOS.iOS\SISTEMA-DE-PEDIDOS.iOS.csproj", "{8FFCD41E-8D56-4F59-8EA5-EA2BBEF5BF8D}"
EndProject
Project("{FAE04EC0-301F-11D3-BF4B-00C04F79EFBC}") = "SISTEMA-DE-PEDIDOS", "SISTEMA-DE-PEDIDOS\SISTEMA-DE-PEDIDOS\SISTEMA-DE-PEDIDOS.csproj", "{F49FCDCE-35B1-4B87-B608-F972E9241B99}"
EndProject
Global
	GlobalSection(SolutionConfigurationPlatforms) = preSolution
		Debug|Any CPU = Debug|Any CPU
		Debug|iPhone = Debug|iPhone
		Debug|iPhoneSimulator = Debug|iPhoneSimulator
		Release|Any CPU = Release|Any CPU
		Release|iPhone = Release|iPhone
		Release|iPhoneSimulator = Release|iPhoneSimulator
	EndGlobalSection
	GlobalSection(ProjectConfigurationPlatforms) = postSolution
		{2877707C-3096-4EA3-BE02-92476FBA4279}.Debug|Any CPU.ActiveCfg = Debug|Any CPU
		{2877707C-3096-4EA3-BE02-92476FBA4279}.Debug|Any CPU.Build.0 = Debug|Any CPU
		{2877707C-3096-4EA3-BE02-92476FBA4279}.Debug|Any CPU.Deploy.0 = Debug|Any CPU
		{2877707C-3096-4EA3-BE02-92476FBA4279}.Debug|iPhone.ActiveCfg = Debug|Any CPU
		{2877707C-3096-4EA3-BE02-92476FBA4279}.Debug|iPhone.Build.0 = Debug|Any CPU
		{2877707C-3096-4EA3-BE02-92476FBA4279}.Debug|iPhone.Deploy.0 = Debug|Any CPU
		{2877707C-3096-4EA3-BE02-92476FBA4279}.Debug|iPhoneSimulator.ActiveCfg = Debug|Any CPU
		{2877707C-3096-4EA3-BE02-92476FBA4279}.Debug|iPhoneSimulator.Build.0 = Debug|Any CPU
		{2877707C-3096-4EA3-BE02-92476FBA4279}.Debug|iPhoneSimulator.Deploy.0 = Debug|Any CPU
		{2877707C-3096-4EA3-BE02-92476FBA4279}.Release|Any CPU.ActiveCfg = Release|Any CPU
		{2877707C-3096-4EA3-BE02-92476FBA4279}.Release|Any CPU.Build.0 = Release|Any CPU
		{2877707C-3096-4EA3-BE02-92476FBA4279}.Release|Any CPU.Deploy.0 = Release|Any CPU
		{2877707C-3096-4EA3-BE02-92476FBA4279}.Release|iPhone.ActiveCfg = Release|Any CPU
		{2877707C-3096-4EA3-BE02-92476FBA4279}.Release|iPhone.Build.0 = Release|Any CPU
		{2877707C-3096-4EA3-BE02-92476FBA4279}.Release|iPhone.Deploy.0 = Release|Any CPU
		{2877707C-3096-4EA3-BE02-92476FBA4279}.Release|iPhoneSimulator.ActiveCfg = Release|Any CPU
		{2877707C-3096-4EA3-BE02-92476FBA4279}.Release|iPhoneSimulator.Build.0 = Release|Any CPU
		{2877707C-3096-4EA3-BE02-92476FBA4279}.Release|iPhoneSimulator.Deploy.0 = Release|Any CPU
		{8FFCD41E-8D56-4F59-8EA5-EA2BBEF5BF8D}.Debug|Any CPU.ActiveCfg = Debug|iPhone
		{8FFCD41E-8D56-4F59-8EA5-EA2BBEF5BF8D}.Debug|Any CPU.Build.0 = Debug|iPhone
		{8FFCD41E-8D56-4F59-8EA5-EA2BBEF5BF8D}.Debug|Any CPU.Deploy.0 = Debug|iPhone
		{8FFCD41E-8D56-4F59-8EA5-EA2BBEF5BF8D}.Debug|iPhone.ActiveCfg = Debug|iPhone
		{8FFCD41E-8D56-4F59-8EA5-EA2BBEF5BF8D}.Debug|iPhone.Build.0 = Debug|iPhone
		{8FFCD41E-8D56-4F59-8EA5-EA2BBEF5BF8D}.Debug|iPhone.Deploy.0 = Debug|iPhone
		{8FFCD41E-8D56-4F59-8EA5-EA2BBEF5BF8D}.Debug|iPhoneSimulator.ActiveCfg = Debug|iPhoneSimulator
		{8FFCD41E-8D56-4F59-8EA5-EA2BBEF5BF8D}.Debug|iPhoneSimulator.Build.0 = Debug|iPhoneSimulator
		{8FFCD41E-8D56-4F59-8EA5-EA2BBEF5BF8D}.Debug|iPhoneSimulator.Deploy.0 = Debug|iPhoneSimulator
		{8FFCD41E-8D56-4F59-8EA5-EA2BBEF5BF8D}.Release|Any CPU.ActiveCfg = Release|iPhoneSimulator
		{8FFCD41E-8D56-4F59-8EA5-EA2BBEF5BF8D}.Release|Any CPU.Build.0 = Release|iPhoneSimulator
		{8FFCD41E-8D56-4F59-8EA5-EA2BBEF5BF8D}.Release|Any CPU.Deploy.0 = Release|iPhoneSimulator
		{8FFCD41E-8D56-4F59-8EA5-EA2BBEF5BF8D}.Release|iPhone.ActiveCfg = Release|iPhone
		{8FFCD41E-8D56-4F59-8EA5-EA2BBEF5BF8D}.Release|iPhone.Build.0 = Release|iPhone
		{8FFCD41E-8D56-4F59-8EA5-EA2BBEF5BF8D}.Release|iPhone.Deploy.0 = Release|iPhone
		{8FFCD41E-8D56-4F59-8EA5-EA2BBEF5BF8D}.Release|iPhoneSimulator.ActiveCfg = Release|iPhoneSimulator
		{8FFCD41E-8D56-4F59-8EA5-EA2BBEF5BF8D}.Release|iPhoneSimulator.Build.0 = Release|iPhoneSimulator
		{8FFCD41E-8D56-4F59-8EA5-EA2BBEF5BF8D}.Release|iPhoneSimulator.Deploy.0 = Release|iPhoneSimulator
		{F49FCDCE-35B1-4B87-B608-F972E9241B99}.Debug|Any CPU.ActiveCfg = Debug|Any CPU
		{F49FCDCE-35B1-4B87-B608-F972E9241B99}.Debug|Any CPU.Build.0 = Debug|Any CPU
		{F49FCDCE-35B1-4B87-B608-F972E9241B99}.Debug|Any CPU.Deploy.0 = Debug|Any CPU
		{F49FCDCE-35B1-4B87-B608-F972E9241B99}.Debug|iPhone.ActiveCfg = Debug|Any CPU
		{F49FCDCE-35B1-4B87-B608-F972E9241B99}.Debug|iPhone.Build.0 = Debug|Any CPU
		{F49FCDCE-35B1-4B87-B608-F972E9241B99}.Debug|iPhone.Deploy.0 = Debug|Any CPU
		{F49FCDCE-35B1-4B87-B608-F972E9241B99}.Debug|iPhoneSimulator.ActiveCfg = Debug|Any CPU
		{F49FCDCE-35B1-4B87-B608-F972E9241B99}.Debug|iPhoneSimulator.Build.0 = Debug|Any CPU
		{F49FCDCE-35B1-4B87-B608-F972E9241B99}.Debug|iPhoneSimulator.Deploy.0 = Debug|Any CPU
		{F49FCDCE-35B1-4B87-B608-F972E9241B99}.Release|Any CPU.ActiveCfg = Release|Any CPU
		{F49FCDCE-35B1-4B87-B608-F972E9241B99}.Release|Any CPU.Build.0 = Release|Any CPU
		{F49FCDCE-35B1-4B87-B608-F972E9241B99}.Release|Any CPU.Deploy.0 = Release|Any CPU
		{F49FCDCE-35B1-4B87-B608-F972E9241B99}.Release|iPhone.ActiveCfg = Release|Any CPU
		{F49FCDCE-35B1-4B87-B608-F972E9241B99}.Release|iPhone.Build.0 = Release|Any CPU
		{F49FCDCE-35B1-4B87-B608-F972E9241B99}.Release|iPhone.Deploy.0 = Release|Any CPU
		{F49FCDCE-35B1-4B87-B608-F972E9241B99}.Release|iPhoneSimulator.ActiveCfg = Release|Any CPU
		{F49FCDCE-35B1-4B87-B608-F972E9241B99}.Release|iPhoneSimulator.Build.0 = Release|Any CPU
		{F49FCDCE-35B1-4B87-B608-F972E9241B99}.Release|iPhoneSimulator.Deploy.0 = Release|Any CPU
	EndGlobalSection
	GlobalSection(SolutionProperties) = preSolution
		HideSolutionNode = FALSE
	EndGlobalSection
	GlobalSection(ExtensibilityGlobals) = postSolution
		SolutionGuid = {D38169C7-D247-4B4F-871D-A81EE65765A3}
	EndGlobalSection
EndGlobal
